
Microsoft Visual Studio Solution File, Format Version 12.00
Project("{FAE04EC0-301F-11D3-BF4B-00C04F79EFBC}") = "BankOCR", "BankOCR.csproj", "{6B557EA8-E0F9-4C0F-A6DF-0655A89DBC46}"
EndProject
Global
	GlobalSection(SolutionConfigurationPlatforms) = preSolution
		Debug|Any CPU = Debug|Any CPU
		Release|Any CPU = Release|Any CPU
	EndGlobalSection
	GlobalSection(ProjectConfigurationPlatforms) = postSolution
		{6B557EA8-E0F9-4C0F-A6DF-0655A89DBC46}.Debug|Any CPU.ActiveCfg = Debug|Any CPU
		{6B557EA8-E0F9-4C0F-A6DF-0655A89DBC46}.Debug|Any CPU.Build.0 = Debug|Any CPU
		{6B557EA8-E0F9-4C0F-A6DF-0655A89DBC46}.Release|Any CPU.ActiveCfg = Release|Any CPU
		{6B557EA8-E0F9-4C0F-A6DF-0655A89DBC46}.Release|Any CPU.Build.0 = Release|Any CPU
	EndGlobalSection
EndGlobal
